
Microsoft Visual Studio Solution File, Format Version 12.00
# Visual Studio Version 17
VisualStudioVersion = 17.14.36705.20
MinimumVisualStudioVersion = 10.0.40219.1
Project("{FAE04EC0-301F-11D3-BF4B-00C04F79EFBC}") = "CanvasApp.Common", "CanvasApp.Common\CanvasApp.Common.csproj", "{ED3C11DD-1135-427B-B4EC-FC215E77E9D8}"
EndProject
Project("{FAE04EC0-301F-11D3-BF4B-00C04F79EFBC}") = "CanvasApp.Server", "CanvasApp.Server\CanvasApp.Server.csproj", "{39B03088-B58C-4039-ABC1-F3B40A38C3C6}"
EndProject
Project("{FAE04EC0-301F-11D3-BF4B-00C04F79EFBC}") = "CanvasApp.Client", "CanvasApp.Client\CanvasApp.Client.csproj", "{3BFEE624-5C40-44CA-A386-12BA0DF52AD5}"
EndProject
Project("{FAE04EC0-301F-11D3-BF4B-00C04F79EFBC}") = "CanvasApp.AuthServer", "CanvasApp.AuthServer\CanvasApp.AuthServer.csproj", "{146F8273-8C5A-4FD4-9FA7-B55C3C273152}"
EndProject
Project("{2150E333-8FDC-42A3-9474-1A3956D46DE8}") = "Docs", "Docs", "{02EA681E-C7D8-13C7-8484-4AC65E1B71E8}"
	ProjectSection(SolutionItems) = preProject
		Docs\ARCHITECTURE.md = Docs\ARCHITECTURE.md
		Docs\BUGS.md = Docs\BUGS.md
		Docs\DEMO_GUIDE.md = Docs\DEMO_GUIDE.md
		Docs\README.md = Docs\README.md
	EndProjectSection
EndProject
Project("{2150E333-8FDC-42A3-9474-1A3956D46DE8}") = "Tools", "Tools", "{8EC462FD-D22E-90A8-E5CE-7E832BA40C5D}"
	ProjectSection(SolutionItems) = preProject
		Tools\generate_test_data.py = Tools\generate_test_data.py
		Tools\stress_test.py = Tools\stress_test.py
	EndProjectSection
EndProject
Project("{FAE04EC0-301F-11D3-BF4B-00C04F79EFBC}") = "CanvasApp.LoadBalancer", "CanvasApp.LoadBalancer\CanvasApp.LoadBalancer.csproj", "{4FCA3A5B-A44E-482F-A046-8B66DB292B59}"
EndProject
Project("{2150E333-8FDC-42A3-9474-1A3956D46DE8}") = "Database", "Database", "{2ED3EF57-D17A-41E7-A24F-E0E04A1F9CDF}"
	ProjectSection(SolutionItems) = preProject
		schema.sql = schema.sql
		seed_data.sql = seed_data.sql
	EndProjectSection
EndProject
Global
	GlobalSection(SolutionConfigurationPlatforms) = preSolution
		Debug|Any CPU = Debug|Any CPU
		Release|Any CPU = Release|Any CPU
	EndGlobalSection
	GlobalSection(ProjectConfigurationPlatforms) = postSolution
		{ED3C11DD-1135-427B-B4EC-FC215E77E9D8}.Debug|Any CPU.ActiveCfg = Debug|Any CPU
		{ED3C11DD-1135-427B-B4EC-FC215E77E9D8}.Debug|Any CPU.Build.0 = Debug|Any CPU
		{ED3C11DD-1135-427B-B4EC-FC215E77E9D8}.Release|Any CPU.ActiveCfg = Release|Any CPU
		{ED3C11DD-1135-427B-B4EC-FC215E77E9D8}.Release|Any CPU.Build.0 = Release|Any CPU
		{39B03088-B58C-4039-ABC1-F3B40A38C3C6}.Debug|Any CPU.ActiveCfg = Debug|Any CPU
		{39B03088-B58C-4039-ABC1-F3B40A38C3C6}.Debug|Any CPU.Build.0 = Debug|Any CPU
		{39B03088-B58C-4039-ABC1-F3B40A38C3C6}.Release|Any CPU.ActiveCfg = Release|Any CPU
		{39B03088-B58C-4039-ABC1-F3B40A38C3C6}.Release|Any CPU.Build.0 = Release|Any CPU
		{3BFEE624-5C40-44CA-A386-12BA0DF52AD5}.Debug|Any CPU.ActiveCfg = Debug|Any CPU
		{3BFEE624-5C40-44CA-A386-12BA0DF52AD5}.Debug|Any CPU.Build.0 = Debug|Any CPU
		{3BFEE624-5C40-44CA-A386-12BA0DF52AD5}.Release|Any CPU.ActiveCfg = Release|Any CPU
		{3BFEE624-5C40-44CA-A386-12BA0DF52AD5}.Release|Any CPU.Build.0 = Release|Any CPU
		{146F8273-8C5A-4FD4-9FA7-B55C3C273152}.Debug|Any CPU.ActiveCfg = Debug|Any CPU
		{146F8273-8C5A-4FD4-9FA7-B55C3C273152}.Debug|Any CPU.Build.0 = Debug|Any CPU
		{146F8273-8C5A-4FD4-9FA7-B55C3C273152}.Release|Any CPU.ActiveCfg = Release|Any CPU
		{146F8273-8C5A-4FD4-9FA7-B55C3C273152}.Release|Any CPU.Build.0 = Release|Any CPU
		{4FCA3A5B-A44E-482F-A046-8B66DB292B59}.Debug|Any CPU.ActiveCfg = Debug|Any CPU
		{4FCA3A5B-A44E-482F-A046-8B66DB292B59}.Debug|Any CPU.Build.0 = Debug|Any CPU
		{4FCA3A5B-A44E-482F-A046-8B66DB292B59}.Release|Any CPU.ActiveCfg = Release|Any CPU
		{4FCA3A5B-A44E-482F-A046-8B66DB292B59}.Release|Any CPU.Build.0 = Release|Any CPU
	EndGlobalSection
	GlobalSection(SolutionProperties) = preSolution
		HideSolutionNode = FALSE
	EndGlobalSection
	GlobalSection(ExtensibilityGlobals) = postSolution
		SolutionGuid = {D721EEDE-BCB3-4D11-B115-C3FC4B8A52A3}
	EndGlobalSection
EndGlobal
